
Microsoft Visual Studio Solution File, Format Version 12.00
# Visual Studio Version 16
VisualStudioVersion = 16.0.31229.75
MinimumVisualStudioVersion = 10.0.40219.1
Project("{888888A0-9F3D-457C-B088-3A5042F75D52}") = "Jira Connector Application", "Jira Connector Application.pyproj", "{A909DCBB-C9ED-4CCB-B6F3-1C362716F708}"
EndProject
Global
	GlobalSection(SolutionConfigurationPlatforms) = preSolution
		Debug|Any CPU = Debug|Any CPU
		Release|Any CPU = Release|Any CPU
		Description = Jira connector application using Plotly-Dash
	EndGlobalSection
	GlobalSection(ProjectConfigurationPlatforms) = postSolution
		{A909DCBB-C9ED-4CCB-B6F3-1C362716F708}.Debug|Any CPU.ActiveCfg = Debug|Any CPU
		{A909DCBB-C9ED-4CCB-B6F3-1C362716F708}.Debug|Any CPU.Build.0 = Debug|Any CPU
		{A909DCBB-C9ED-4CCB-B6F3-1C362716F708}.Release|Any CPU.ActiveCfg = Release|Any CPU
		{A909DCBB-C9ED-4CCB-B6F3-1C362716F708}.Release|Any CPU.Build.0 = Release|Any CPU
	EndGlobalSection
	GlobalSection(SolutionProperties) = preSolution
		HideSolutionNode = FALSE
	EndGlobalSection
	GlobalSection(ExtensibilityGlobals) = postSolution
		SolutionGuid = {2B769A68-DD4E-4BDF-9239-584356F06FAF}
	EndGlobalSection
EndGlobal
